<?xml version="1.0" encoding="UTF-8" standalone="yes" ?>
<CodeBlocks_project_file>
	<FileVersion major="1" minor="6" />
	<Project>
		<Option title="LBFGS" />
		<Option pch_mode="2" />
		<Option compiler="gfortran" />
		<Build>
			<Target title="Release">
				<Option output="LBFGS" prefix_auto="1" extension_auto="1" />
				<Option object_output="/scratch/kulhanek/Development/linux/thirdparty/lbfgs/1.0/.objs" />
				<Option type="1" />
				<Option compiler="gfortran" />
				<Compiler>
					<Add option="-O2" />
				</Compiler>
				<Linker>
					<Add option="-s" />
				</Linker>
				<ExtraCommands>
					<Add before="cmake ." />
					<Add before="make" />
				</ExtraCommands>
			</Target>
		</Build>
		<Compiler>
			<Add option="-Wall" />
		</Compiler>
		<Unit filename="CMakeLists.txt" />
		<Unit filename="src/lib/flbfgs/CMakeLists.txt" />
		<Unit filename="src/lib/flbfgs/lbfgs.f">
			<Option weight="0" />
			<Option target="&lt;{~None~}&gt;" />
		</Unit>
		<Unit filename="src/lib/flbfgs/lbfgs.f90">
			<Option weight="0" />
			<Option target="&lt;{~None~}&gt;" />
		</Unit>
		<Extensions>
			<envvars />
			<code_completion />
			<debugger />
			<fortran_project />
			<lib_finder disable_auto="1" />
		</Extensions>
	</Project>
</CodeBlocks_project_file>
